version = 1
revision = 3
requires-python = ">=3.11"

[[package]]
name = "ai-visual-processing-tools"
version = "0.1.0"
source = { virtual = "." }
dependencies = [
    { name = "tkinterdnd2" },
]

[package.metadata]
requires-dist = [{ name = "tkinterdnd2", specifier = ">=0.4.3" }]

[[package]]
name = "tkinterdnd2"
version = "0.4.3"
source = { registry = "https://pypi.org/simple" }
sdist = { url = "https://files.pythonhosted.org/packages/6e/2a/9d50ee58c7a60bf0c8d4bd8030b4afc29c8bf60158f95dbc89e8081d29d2/tkinterdnd2-0.4.3.tar.gz", hash = "sha256:03a932a11b42ab139c4552b414aa10ee8a087b8386b52baca8c62939760c2ef2", size = 444595, upload-time = "2025-02-28T12:55:50.861Z" }
wheels = [
    { url = "https://files.pythonhosted.org/packages/08/c3/e04f004a53c00dc01126b6f998264cef672c6883c36aa4bd65845a8eb4c0/tkinterdnd2-0.4.3-py3-none-any.whl", hash = "sha256:8804f5d2e2a99713ec93e85384397fec6bf66fdf2065e3750938d55018971c4a", size = 493006, upload-time = "2025-02-28T12:55:47.501Z" },
]
